
Microsoft Visual Studio Solution File, Format Version 12.00
# Visual Studio Version 17
VisualStudioVersion = 17.10.35013.160
MinimumVisualStudioVersion = 10.0.40219.1
Project("{FAE04EC0-301F-11D3-BF4B-00C04F79EFBC}") = "AdminProject", "AdminProject\AdminProject.csproj", "{BB3B9C84-A291-4DFB-8D3A-88A535AF7C39}"
EndProject
Global
	GlobalSection(SolutionConfigurationPlatforms) = preSolution
		Debug|Any CPU = Debug|Any CPU
		Release|Any CPU = Release|Any CPU
	EndGlobalSection
	GlobalSection(ProjectConfigurationPlatforms) = postSolution
		{BB3B9C84-A291-4DFB-8D3A-88A535AF7C39}.Debug|Any CPU.ActiveCfg = Debug|Any CPU
		{BB3B9C84-A291-4DFB-8D3A-88A535AF7C39}.Debug|Any CPU.Build.0 = Debug|Any CPU
		{BB3B9C84-A291-4DFB-8D3A-88A535AF7C39}.Release|Any CPU.ActiveCfg = Release|Any CPU
		{BB3B9C84-A291-4DFB-8D3A-88A535AF7C39}.Release|Any CPU.Build.0 = Release|Any CPU
	EndGlobalSection
	GlobalSection(SolutionProperties) = preSolution
		HideSolutionNode = FALSE
	EndGlobalSection
	GlobalSection(ExtensibilityGlobals) = postSolution
		SolutionGuid = {D7B36EFE-AAEF-4C7F-A6A7-35124E7B5B43}
	EndGlobalSection
EndGlobal
